{
  "name": "mylib",
  "version": "0.0.1",
  "lockfileVersion": 1,
  "requires": true,
  "dependencies": {
    "detect-passive-events": {
      "version": "1.0.4",
      "resolved": "https://registry.npmjs.org/detect-passive-events/-/detect-passive-events-1.0.4.tgz",
      "integrity": "sha1-btR35uW863kHlzXc01d4nTf5qRo="
    },
    "ng5-slider": {
      "version": "1.2.4",
      "resolved": "https://registry.npmjs.org/ng5-slider/-/ng5-slider-1.2.4.tgz",
      "integrity": "sha512-4EwMNaOwy0p0mjUjRHem6vq4ZIqFMkej66Vmky1PSMb3e9r10tF2m29kS94EDB9y4inYoEf3tVrZ3YXfd7R5ag==",
      "requires": {
        "detect-passive-events": "^1.0.4",
        "rxjs": "^5.5.6",
        "rxjs-compat": "^6.5.2",
        "tslib": "^1.7.1"
      },
      "dependencies": {
        "tslib": {
          "version": "1.13.0",
          "resolved": "https://registry.npmjs.org/tslib/-/tslib-1.13.0.tgz",
          "integrity": "sha512-i/6DQjL8Xf3be4K/E6Wgpekn5Qasl1usyw++dAA35Ue5orEn65VIxOA+YvNNl9HV3qv70T7CNwjODHZrLwvd1Q=="
        }
      }
    },
    "rxjs": {
      "version": "5.5.12",
      "resolved": "https://registry.npmjs.org/rxjs/-/rxjs-5.5.12.tgz",
      "integrity": "sha512-xx2itnL5sBbqeeiVgNPVuQQ1nC8Jp2WfNJhXWHmElW9YmrpS9UVnNzhP3EH3HFqexO5Tlp8GhYY+WEcqcVMvGw==",
      "requires": {
        "symbol-observable": "1.0.1"
      }
    },
    "rxjs-compat": {
      "version": "6.6.2",
      "resolved": "https://registry.npmjs.org/rxjs-compat/-/rxjs-compat-6.6.2.tgz",
      "integrity": "sha512-C3V7axnAkPd91sbW1XreL8ydLM+phUcKViM76GBuT3hCzHMSQbszE/h6ajkgcrDn9j4JZ/OdzklvfAJ9MmXRcg=="
    },
    "symbol-observable": {
      "version": "1.0.1",
      "resolved": "https://registry.npmjs.org/symbol-observable/-/symbol-observable-1.0.1.tgz",
      "integrity": "sha1-g0D8RwLDEi310iKI+IKD9RPT/dQ="
    }
  }
}
